
Microsoft Visual Studio Solution File, Format Version 12.00
# Visual Studio Version 17
VisualStudioVersion = 17.7.34009.444
MinimumVisualStudioVersion = 10.0.40219.1
Project("{FAE04EC0-301F-11D3-BF4B-00C04F79EFBC}") = "FeatureManagement.Server", "FeatureManagement\Server\FeatureManagement.Server.csproj", "{74FD6824-FED2-4304-80C0-5509F4371164}"
EndProject
Project("{FAE04EC0-301F-11D3-BF4B-00C04F79EFBC}") = "FeatureManagement.Client", "FeatureManagement\Client\FeatureManagement.Client.csproj", "{B41D214D-DCA2-43C7-A285-0B4162D97A11}"
EndProject
Project("{FAE04EC0-301F-11D3-BF4B-00C04F79EFBC}") = "FeatureManagement.Shared", "FeatureManagement\Shared\FeatureManagement.Shared.csproj", "{FCF23C34-69D1-4256-A333-E01FCDF5912C}"
EndProject
Global
	GlobalSection(SolutionConfigurationPlatforms) = preSolution
		Debug|Any CPU = Debug|Any CPU
		Release|Any CPU = Release|Any CPU
	EndGlobalSection
	GlobalSection(ProjectConfigurationPlatforms) = postSolution
		{74FD6824-FED2-4304-80C0-5509F4371164}.Debug|Any CPU.ActiveCfg = Debug|Any CPU
		{74FD6824-FED2-4304-80C0-5509F4371164}.Debug|Any CPU.Build.0 = Debug|Any CPU
		{74FD6824-FED2-4304-80C0-5509F4371164}.Release|Any CPU.ActiveCfg = Release|Any CPU
		{74FD6824-FED2-4304-80C0-5509F4371164}.Release|Any CPU.Build.0 = Release|Any CPU
		{B41D214D-DCA2-43C7-A285-0B4162D97A11}.Debug|Any CPU.ActiveCfg = Debug|Any CPU
		{B41D214D-DCA2-43C7-A285-0B4162D97A11}.Debug|Any CPU.Build.0 = Debug|Any CPU
		{B41D214D-DCA2-43C7-A285-0B4162D97A11}.Release|Any CPU.ActiveCfg = Release|Any CPU
		{B41D214D-DCA2-43C7-A285-0B4162D97A11}.Release|Any CPU.Build.0 = Release|Any CPU
		{FCF23C34-69D1-4256-A333-E01FCDF5912C}.Debug|Any CPU.ActiveCfg = Debug|Any CPU
		{FCF23C34-69D1-4256-A333-E01FCDF5912C}.Debug|Any CPU.Build.0 = Debug|Any CPU
		{FCF23C34-69D1-4256-A333-E01FCDF5912C}.Release|Any CPU.ActiveCfg = Release|Any CPU
		{FCF23C34-69D1-4256-A333-E01FCDF5912C}.Release|Any CPU.Build.0 = Release|Any CPU
	EndGlobalSection
	GlobalSection(SolutionProperties) = preSolution
		HideSolutionNode = FALSE
	EndGlobalSection
	GlobalSection(ExtensibilityGlobals) = postSolution
		SolutionGuid = {28DDFC56-2031-43C8-8655-9D3DFB54FC64}
	EndGlobalSection
EndGlobal
